
Microsoft Visual Studio Solution File, Format Version 12.00
# Visual Studio 2013
VisualStudioVersion = 12.0.31101.0
MinimumVisualStudioVersion = 10.0.40219.1
Project("{00D1A9C2-B5F0-4AF3-8072-F6C62B433612}") = "Lab2DB", "Lab2DB\Lab2DB.sqlproj", "{2868D1D5-C4D5-41CB-AF50-0523DFFB09BD}"
EndProject
Project("{FAE04EC0-301F-11D3-BF4B-00C04F79EFBC}") = "Wcf", "Wcf\Wcf.csproj", "{A86F62CF-1A47-4FB0-A477-F8D80A6ADD27}"
EndProject
Project("{FAE04EC0-301F-11D3-BF4B-00C04F79EFBC}") = "WebApp", "WebApp\WebApp.csproj", "{5BA07C81-D44A-41CC-A5FE-CB9B945D2EED}"
	ProjectSection(ProjectDependencies) = postProject
		{A86F62CF-1A47-4FB0-A477-F8D80A6ADD27} = {A86F62CF-1A47-4FB0-A477-F8D80A6ADD27}
	EndProjectSection
EndProject
Global
	GlobalSection(SolutionConfigurationPlatforms) = preSolution
		Debug|Any CPU = Debug|Any CPU
		Release|Any CPU = Release|Any CPU
	EndGlobalSection
	GlobalSection(ProjectConfigurationPlatforms) = postSolution
		{2868D1D5-C4D5-41CB-AF50-0523DFFB09BD}.Debug|Any CPU.ActiveCfg = Debug|Any CPU
		{2868D1D5-C4D5-41CB-AF50-0523DFFB09BD}.Debug|Any CPU.Build.0 = Debug|Any CPU
		{2868D1D5-C4D5-41CB-AF50-0523DFFB09BD}.Debug|Any CPU.Deploy.0 = Debug|Any CPU
		{2868D1D5-C4D5-41CB-AF50-0523DFFB09BD}.Release|Any CPU.ActiveCfg = Release|Any CPU
		{2868D1D5-C4D5-41CB-AF50-0523DFFB09BD}.Release|Any CPU.Build.0 = Release|Any CPU
		{2868D1D5-C4D5-41CB-AF50-0523DFFB09BD}.Release|Any CPU.Deploy.0 = Release|Any CPU
		{A86F62CF-1A47-4FB0-A477-F8D80A6ADD27}.Debug|Any CPU.ActiveCfg = Debug|Any CPU
		{A86F62CF-1A47-4FB0-A477-F8D80A6ADD27}.Debug|Any CPU.Build.0 = Debug|Any CPU
		{A86F62CF-1A47-4FB0-A477-F8D80A6ADD27}.Release|Any CPU.ActiveCfg = Release|Any CPU
		{A86F62CF-1A47-4FB0-A477-F8D80A6ADD27}.Release|Any CPU.Build.0 = Release|Any CPU
		{5BA07C81-D44A-41CC-A5FE-CB9B945D2EED}.Debug|Any CPU.ActiveCfg = Debug|Any CPU
		{5BA07C81-D44A-41CC-A5FE-CB9B945D2EED}.Debug|Any CPU.Build.0 = Debug|Any CPU
		{5BA07C81-D44A-41CC-A5FE-CB9B945D2EED}.Release|Any CPU.ActiveCfg = Release|Any CPU
		{5BA07C81-D44A-41CC-A5FE-CB9B945D2EED}.Release|Any CPU.Build.0 = Release|Any CPU
	EndGlobalSection
	GlobalSection(SolutionProperties) = preSolution
		HideSolutionNode = FALSE
	EndGlobalSection
EndGlobal
